// !$*UTF8*$!
{
	archiveVersion = 1;
	classes = {
	};
	objectVersion = 50;
	objects = {

/* Begin PBXBuildFile section */
		EB11DB6221B885D900340117 /* Extras.swift in Sources */ = {isa = PBXBuildFile; fileRef = EB11DB6121B885D900340117 /* Extras.swift */; };
		EB17C0AC21CEE30D00438906 /* Day4.swift in Sources */ = {isa = PBXBuildFile; fileRef = EB17C0AB21CEE30D00438906 /* Day4.swift */; };
		EB17C0AE21CFB40400438906 /* Day5.swift in Sources */ = {isa = PBXBuildFile; fileRef = EB17C0AD21CFB40400438906 /* Day5.swift */; };
		EB4786A621B8766D0071500F /* main.swift in Sources */ = {isa = PBXBuildFile; fileRef = EB4786A521B8766D0071500F /* main.swift */; };
		EB4786AF21B876CB0071500F /* Solver.swift in Sources */ = {isa = PBXBuildFile; fileRef = EB4786AE21B876CB0071500F /* Solver.swift */; };
		EB4786B121B877190071500F /* Day1.swift in Sources */ = {isa = PBXBuildFile; fileRef = EB4786B021B877190071500F /* Day1.swift */; };
		EB867F3721CD35ED008247F6 /* Day2.swift in Sources */ = {isa = PBXBuildFile; fileRef = EB867F3621CD35ED008247F6 /* Day2.swift */; };
		EB867F3F21CD400F008247F6 /* AOCTests.swift in Sources */ = {isa = PBXBuildFile; fileRef = EB867F3E21CD400F008247F6 /* AOCTests.swift */; };
		EB867F4521CD417D008247F6 /* Day3.swift in Sources */ = {isa = PBXBuildFile; fileRef = EB867F4421CD417D008247F6 /* Day3.swift */; };
		EB867F4721CD7701008247F6 /* Regex.swift in Sources */ = {isa = PBXBuildFile; fileRef = EB867F4621CD7701008247F6 /* Regex.swift */; };
		EB867F4921CD7C25008247F6 /* LinearAlgebra.swift in Sources */ = {isa = PBXBuildFile; fileRef = EB867F4821CD7C25008247F6 /* LinearAlgebra.swift */; };
/* End PBXBuildFile section */

/* Begin PBXCopyFilesBuildPhase section */
		EB4786A021B8766D0071500F /* CopyFiles */ = {
			isa = PBXCopyFilesBuildPhase;
			buildActionMask = 2147483647;
			dstPath = /usr/share/man/man1/;
			dstSubfolderSpec = 0;
			files = (
			);
			runOnlyForDeploymentPostprocessing = 1;
		};
/* End PBXCopyFilesBuildPhase section */

/* Begin PBXFileReference section */
		EB11DB6121B885D900340117 /* Extras.swift */ = {isa = PBXFileReference; lastKnownFileType = sourcecode.swift; path = Extras.swift; sourceTree = "<group>"; };
		EB17C0AB21CEE30D00438906 /* Day4.swift */ = {isa = PBXFileReference; lastKnownFileType = sourcecode.swift; path = Day4.swift; sourceTree = "<group>"; };
		EB17C0AD21CFB40400438906 /* Day5.swift */ = {isa = PBXFileReference; lastKnownFileType = sourcecode.swift; path = Day5.swift; sourceTree = "<group>"; };
		EB4786A221B8766D0071500F /* AOC */ = {isa = PBXFileReference; explicitFileType = "compiled.mach-o.executable"; includeInIndex = 0; path = AOC; sourceTree = BUILT_PRODUCTS_DIR; };
		EB4786A521B8766D0071500F /* main.swift */ = {isa = PBXFileReference; lastKnownFileType = sourcecode.swift; path = main.swift; sourceTree = "<group>"; };
		EB4786AE21B876CB0071500F /* Solver.swift */ = {isa = PBXFileReference; lastKnownFileType = sourcecode.swift; path = Solver.swift; sourceTree = "<group>"; };
		EB4786B021B877190071500F /* Day1.swift */ = {isa = PBXFileReference; lastKnownFileType = sourcecode.swift; path = Day1.swift; sourceTree = "<group>"; };
		EB867F3621CD35ED008247F6 /* Day2.swift */ = {isa = PBXFileReference; lastKnownFileType = sourcecode.swift; path = Day2.swift; sourceTree = "<group>"; };
		EB867F3C21CD400F008247F6 /* AOCTests.xctest */ = {isa = PBXFileReference; explicitFileType = wrapper.cfbundle; includeInIndex = 0; path = AOCTests.xctest; sourceTree = BUILT_PRODUCTS_DIR; };
		EB867F3E21CD400F008247F6 /* AOCTests.swift */ = {isa = PBXFileReference; lastKnownFileType = sourcecode.swift; path = AOCTests.swift; sourceTree = "<group>"; };
		EB867F4021CD400F008247F6 /* Info.plist */ = {isa = PBXFileReference; lastKnownFileType = text.plist.xml; path = Info.plist; sourceTree = "<group>"; };
		EB867F4421CD417D008247F6 /* Day3.swift */ = {isa = PBXFileReference; lastKnownFileType = sourcecode.swift; path = Day3.swift; sourceTree = "<group>"; };
		EB867F4621CD7701008247F6 /* Regex.swift */ = {isa = PBXFileReference; lastKnownFileType = sourcecode.swift; path = Regex.swift; sourceTree = "<group>"; };
		EB867F4821CD7C25008247F6 /* LinearAlgebra.swift */ = {isa = PBXFileReference; lastKnownFileType = sourcecode.swift; path = LinearAlgebra.swift; sourceTree = "<group>"; };
/* End PBXFileReference section */

/* Begin PBXFrameworksBuildPhase section */
		EB47869F21B8766D0071500F /* Frameworks */ = {
			isa = PBXFrameworksBuildPhase;
			buildActionMask = 2147483647;
			files = (
			);
			runOnlyForDeploymentPostprocessing = 0;
		};
		EB867F3921CD400F008247F6 /* Frameworks */ = {
			isa = PBXFrameworksBuildPhase;
			buildActionMask = 2147483647;
			files = (
			);
			runOnlyForDeploymentPostprocessing = 0;
		};
/* End PBXFrameworksBuildPhase section */

/* Begin PBXGroup section */
		EB47869921B8766D0071500F = {
			isa = PBXGroup;
			children = (
				EB4786A421B8766D0071500F /* AOC */,
				EB867F3D21CD400F008247F6 /* AOCTests */,
				EB4786A321B8766D0071500F /* Products */,
			);
			sourceTree = "<group>";
		};
		EB4786A321B8766D0071500F /* Products */ = {
			isa = PBXGroup;
			children = (
				EB4786A221B8766D0071500F /* AOC */,
				EB867F3C21CD400F008247F6 /* AOCTests.xctest */,
			);
			name = Products;
			sourceTree = "<group>";
		};
		EB4786A421B8766D0071500F /* AOC */ = {
			isa = PBXGroup;
			children = (
				EB4786AD21B876870071500F /* Support */,
				EB4786AC21B876820071500F /* Days */,
				EB4786A521B8766D0071500F /* main.swift */,
				EB4786AE21B876CB0071500F /* Solver.swift */,
			);
			path = AOC;
			sourceTree = "<group>";
		};
		EB4786AC21B876820071500F /* Days */ = {
			isa = PBXGroup;
			children = (
				EB4786B021B877190071500F /* Day1.swift */,
				EB867F3621CD35ED008247F6 /* Day2.swift */,
				EB867F4421CD417D008247F6 /* Day3.swift */,
				EB17C0AB21CEE30D00438906 /* Day4.swift */,
				EB17C0AD21CFB40400438906 /* Day5.swift */,
			);
			path = Days;
			sourceTree = "<group>";
		};
		EB4786AD21B876870071500F /* Support */ = {
			isa = PBXGroup;
			children = (
				EB11DB6121B885D900340117 /* Extras.swift */,
				EB867F4621CD7701008247F6 /* Regex.swift */,
				EB867F4821CD7C25008247F6 /* LinearAlgebra.swift */,
			);
			path = Support;
			sourceTree = "<group>";
		};
		EB867F3D21CD400F008247F6 /* AOCTests */ = {
			isa = PBXGroup;
			children = (
				EB867F3E21CD400F008247F6 /* AOCTests.swift */,
				EB867F4021CD400F008247F6 /* Info.plist */,
			);
			path = AOCTests;
			sourceTree = "<group>";
		};
/* End PBXGroup section */

/* Begin PBXNativeTarget section */
		EB4786A121B8766D0071500F /* AOC */ = {
			isa = PBXNativeTarget;
			buildConfigurationList = EB4786A921B8766D0071500F /* Build configuration list for PBXNativeTarget "AOC" */;
			buildPhases = (
				EB47869E21B8766D0071500F /* Sources */,
				EB47869F21B8766D0071500F /* Frameworks */,
				EB4786A021B8766D0071500F /* CopyFiles */,
			);
			buildRules = (
			);
			dependencies = (
			);
			name = AOC;
			productName = AOC;
			productReference = EB4786A221B8766D0071500F /* AOC */;
			productType = "com.apple.product-type.tool";
		};
		EB867F3B21CD400F008247F6 /* AOCTests */ = {
			isa = PBXNativeTarget;
			buildConfigurationList = EB867F4121CD400F008247F6 /* Build configuration list for PBXNativeTarget "AOCTests" */;
			buildPhases = (
				EB867F3821CD400F008247F6 /* Sources */,
				EB867F3921CD400F008247F6 /* Frameworks */,
				EB867F3A21CD400F008247F6 /* Resources */,
			);
			buildRules = (
			);
			dependencies = (
			);
			name = AOCTests;
			productName = AOCTests;
			productReference = EB867F3C21CD400F008247F6 /* AOCTests.xctest */;
			productType = "com.apple.product-type.bundle.unit-test";
		};
/* End PBXNativeTarget section */

/* Begin PBXProject section */
		EB47869A21B8766D0071500F /* Project object */ = {
			isa = PBXProject;
			attributes = {
				LastSwiftUpdateCheck = 1010;
				LastUpgradeCheck = 1010;
				ORGANIZATIONNAME = "Fredrik Bystam";
				TargetAttributes = {
					EB4786A121B8766D0071500F = {
						CreatedOnToolsVersion = 10.1;
					};
					EB867F3B21CD400F008247F6 = {
						CreatedOnToolsVersion = 10.1;
					};
				};
			};
			buildConfigurationList = EB47869D21B8766D0071500F /* Build configuration list for PBXProject "AOC" */;
			compatibilityVersion = "Xcode 9.3";
			developmentRegion = en;
			hasScannedForEncodings = 0;
			knownRegions = (
				en,
			);
			mainGroup = EB47869921B8766D0071500F;
			productRefGroup = EB4786A321B8766D0071500F /* Products */;
			projectDirPath = "";
			projectRoot = "";
			targets = (
				EB4786A121B8766D0071500F /* AOC */,
				EB867F3B21CD400F008247F6 /* AOCTests */,
			);
		};
/* End PBXProject section */

/* Begin PBXResourcesBuildPhase section */
		EB867F3A21CD400F008247F6 /* Resources */ = {
			isa = PBXResourcesBuildPhase;
			buildActionMask = 2147483647;
			files = (
			);
			runOnlyForDeploymentPostprocessing = 0;
		};
/* End PBXResourcesBuildPhase section */

/* Begin PBXSourcesBuildPhase section */
		EB47869E21B8766D0071500F /* Sources */ = {
			isa = PBXSourcesBuildPhase;
			buildActionMask = 2147483647;
			files = (
				EB11DB6221B885D900340117 /* Extras.swift in Sources */,
				EB867F3721CD35ED008247F6 /* Day2.swift in Sources */,
				EB867F4721CD7701008247F6 /* Regex.swift in Sources */,
				EB4786AF21B876CB0071500F /* Solver.swift in Sources */,
				EB867F4921CD7C25008247F6 /* LinearAlgebra.swift in Sources */,
				EB4786B121B877190071500F /* Day1.swift in Sources */,
				EB17C0AE21CFB40400438906 /* Day5.swift in Sources */,
				EB867F4521CD417D008247F6 /* Day3.swift in Sources */,
				EB17C0AC21CEE30D00438906 /* Day4.swift in Sources */,
				EB4786A621B8766D0071500F /* main.swift in Sources */,
			);
			runOnlyForDeploymentPostprocessing = 0;
		};
		EB867F3821CD400F008247F6 /* Sources */ = {
			isa = PBXSourcesBuildPhase;
			buildActionMask = 2147483647;
			files = (
				EB867F3F21CD400F008247F6 /* AOCTests.swift in Sources */,
			);
			runOnlyForDeploymentPostprocessing = 0;
		};
/* End PBXSourcesBuildPhase section */

/* Begin XCBuildConfiguration section */
		EB4786A721B8766D0071500F /* Debug */ = {
			isa = XCBuildConfiguration;
			buildSettings = {
				ALWAYS_SEARCH_USER_PATHS = NO;
				CLANG_ANALYZER_NONNULL = YES;
				CLANG_ANALYZER_NUMBER_OBJECT_CONVERSION = YES_AGGRESSIVE;
				CLANG_CXX_LANGUAGE_STANDARD = "gnu++14";
				CLANG_CXX_LIBRARY = "libc++";
				CLANG_ENABLE_MODULES = YES;
				CLANG_ENABLE_OBJC_ARC = YES;
				CLANG_ENABLE_OBJC_WEAK = YES;
				CLANG_WARN_BLOCK_CAPTURE_AUTORELEASING = YES;
				CLANG_WARN_BOOL_CONVERSION = YES;
				CLANG_WARN_COMMA = YES;
				CLANG_WARN_CONSTANT_CONVERSION = YES;
				CLANG_WARN_DEPRECATED_OBJC_IMPLEMENTATIONS = YES;
				CLANG_WARN_DIRECT_OBJC_ISA_USAGE = YES_ERROR;
				CLANG_WARN_DOCUMENTATION_COMMENTS = YES;
				CLANG_WARN_EMPTY_BODY = YES;
				CLANG_WARN_ENUM_CONVERSION = YES;
				CLANG_WARN_INFINITE_RECURSION = YES;
				CLANG_WARN_INT_CONVERSION = YES;
				CLANG_WARN_NON_LITERAL_NULL_CONVERSION = YES;
				CLANG_WARN_OBJC_IMPLICIT_RETAIN_SELF = YES;
				CLANG_WARN_OBJC_LITERAL_CONVERSION = YES;
				CLANG_WARN_OBJC_ROOT_CLASS = YES_ERROR;
				CLANG_WARN_RANGE_LOOP_ANALYSIS = YES;
				CLANG_WARN_STRICT_PROTOTYPES = YES;
				CLANG_WARN_SUSPICIOUS_MOVE = YES;
				CLANG_WARN_UNGUARDED_AVAILABILITY = YES_AGGRESSIVE;
				CLANG_WARN_UNREACHABLE_CODE = YES;
				CLANG_WARN__DUPLICATE_METHOD_MATCH = YES;
				CODE_SIGN_IDENTITY = "-";
				COPY_PHASE_STRIP = NO;
				DEBUG_INFORMATION_FORMAT = dwarf;
				ENABLE_STRICT_OBJC_MSGSEND = YES;
				ENABLE_TESTABILITY = YES;
				GCC_C_LANGUAGE_STANDARD = gnu11;
				GCC_DYNAMIC_NO_PIC = NO;
				GCC_NO_COMMON_BLOCKS = YES;
				GCC_OPTIMIZATION_LEVEL = 0;
				GCC_PREPROCESSOR_DEFINITIONS = (
					"DEBUG=1",
					"$(inherited)",
				);
				GCC_WARN_64_TO_32_BIT_CONVERSION = YES;
				GCC_WARN_ABOUT_RETURN_TYPE = YES_ERROR;
				GCC_WARN_UNDECLARED_SELECTOR = YES;
				GCC_WARN_UNINITIALIZED_AUTOS = YES_AGGRESSIVE;
				GCC_WARN_UNUSED_FUNCTION = YES;
				GCC_WARN_UNUSED_VARIABLE = YES;
				MACOSX_DEPLOYMENT_TARGET = 10.14;
				MTL_ENABLE_DEBUG_INFO = INCLUDE_SOURCE;
				MTL_FAST_MATH = YES;
				ONLY_ACTIVE_ARCH = YES;
				SDKROOT = macosx;
				SWIFT_ACTIVE_COMPILATION_CONDITIONS = DEBUG;
				SWIFT_OPTIMIZATION_LEVEL = "-Onone";
			};
			name = Debug;
		};
		EB4786A821B8766D0071500F /* Release */ = {
			isa = XCBuildConfiguration;
			buildSettings = {
				ALWAYS_SEARCH_USER_PATHS = NO;
				CLANG_ANALYZER_NONNULL = YES;
				CLANG_ANALYZER_NUMBER_OBJECT_CONVERSION = YES_AGGRESSIVE;
				CLANG_CXX_LANGUAGE_STANDARD = "gnu++14";
				CLANG_CXX_LIBRARY = "libc++";
				CLANG_ENABLE_MODULES = YES;
				CLANG_ENABLE_OBJC_ARC = YES;
				CLANG_ENABLE_OBJC_WEAK = YES;
				CLANG_WARN_BLOCK_CAPTURE_AUTORELEASING = YES;
				CLANG_WARN_BOOL_CONVERSION = YES;
				CLANG_WARN_COMMA = YES;
				CLANG_WARN_CONSTANT_CONVERSION = YES;
				CLANG_WARN_DEPRECATED_OBJC_IMPLEMENTATIONS = YES;
				CLANG_WARN_DIRECT_OBJC_ISA_USAGE = YES_ERROR;
				CLANG_WARN_DOCUMENTATION_COMMENTS = YES;
				CLANG_WARN_EMPTY_BODY = YES;
				CLANG_WARN_ENUM_CONVERSION = YES;
				CLANG_WARN_INFINITE_RECURSION = YES;
				CLANG_WARN_INT_CONVERSION = YES;
				CLANG_WARN_NON_LITERAL_NULL_CONVERSION = YES;
				CLANG_WARN_OBJC_IMPLICIT_RETAIN_SELF = YES;
				CLANG_WARN_OBJC_LITERAL_CONVERSION = YES;
				CLANG_WARN_OBJC_ROOT_CLASS = YES_ERROR;
				CLANG_WARN_RANGE_LOOP_ANALYSIS = YES;
				CLANG_WARN_STRICT_PROTOTYPES = YES;
				CLANG_WARN_SUSPICIOUS_MOVE = YES;
				CLANG_WARN_UNGUARDED_AVAILABILITY = YES_AGGRESSIVE;
				CLANG_WARN_UNREACHABLE_CODE = YES;
				CLANG_WARN__DUPLICATE_METHOD_MATCH = YES;
				CODE_SIGN_IDENTITY = "-";
				COPY_PHASE_STRIP = NO;
				DEBUG_INFORMATION_FORMAT = "dwarf-with-dsym";
				ENABLE_NS_ASSERTIONS = NO;
				ENABLE_STRICT_OBJC_MSGSEND = YES;
				GCC_C_LANGUAGE_STANDARD = gnu11;
				GCC_NO_COMMON_BLOCKS = YES;
				GCC_WARN_64_TO_32_BIT_CONVERSION = YES;
				GCC_WARN_ABOUT_RETURN_TYPE = YES_ERROR;
				GCC_WARN_UNDECLARED_SELECTOR = YES;
				GCC_WARN_UNINITIALIZED_AUTOS = YES_AGGRESSIVE;
				GCC_WARN_UNUSED_FUNCTION = YES;
				GCC_WARN_UNUSED_VARIABLE = YES;
				MACOSX_DEPLOYMENT_TARGET = 10.14;
				MTL_ENABLE_DEBUG_INFO = NO;
				MTL_FAST_MATH = YES;
				SDKROOT = macosx;
				SWIFT_COMPILATION_MODE = wholemodule;
				SWIFT_OPTIMIZATION_LEVEL = "-O";
			};
			name = Release;
		};
		EB4786AA21B8766D0071500F /* Debug */ = {
			isa = XCBuildConfiguration;
			buildSettings = {
				CODE_SIGN_STYLE = Automatic;
				PRODUCT_NAME = "$(TARGET_NAME)";
				SWIFT_VERSION = 4.2;
			};
			name = Debug;
		};
		EB4786AB21B8766D0071500F /* Release */ = {
			isa = XCBuildConfiguration;
			buildSettings = {
				CODE_SIGN_STYLE = Automatic;
				PRODUCT_NAME = "$(TARGET_NAME)";
				SWIFT_VERSION = 4.2;
			};
			name = Release;
		};
		EB867F4221CD400F008247F6 /* Debug */ = {
			isa = XCBuildConfiguration;
			buildSettings = {
				CODE_SIGN_STYLE = Automatic;
				COMBINE_HIDPI_IMAGES = YES;
				INFOPLIST_FILE = AOCTests/Info.plist;
				LD_RUNPATH_SEARCH_PATHS = (
					"$(inherited)",
					"@executable_path/../Frameworks",
					"@loader_path/../Frameworks",
				);
				PRODUCT_BUNDLE_IDENTIFIER = frallan.AOCTests;
				PRODUCT_NAME = "$(TARGET_NAME)";
				SWIFT_VERSION = 4.2;
			};
			name = Debug;
		};
		EB867F4321CD400F008247F6 /* Release */ = {
			isa = XCBuildConfiguration;
			buildSettings = {
				CODE_SIGN_STYLE = Automatic;
				COMBINE_HIDPI_IMAGES = YES;
				INFOPLIST_FILE = AOCTests/Info.plist;
				LD_RUNPATH_SEARCH_PATHS = (
					"$(inherited)",
					"@executable_path/../Frameworks",
					"@loader_path/../Frameworks",
				);
				PRODUCT_BUNDLE_IDENTIFIER = frallan.AOCTests;
				PRODUCT_NAME = "$(TARGET_NAME)";
				SWIFT_VERSION = 4.2;
			};
			name = Release;
		};
/* End XCBuildConfiguration section */

/* Begin XCConfigurationList section */
		EB47869D21B8766D0071500F /* Build configuration list for PBXProject "AOC" */ = {
			isa = XCConfigurationList;
			buildConfigurations = (
				EB4786A721B8766D0071500F /* Debug */,
				EB4786A821B8766D0071500F /* Release */,
			);
			defaultConfigurationIsVisible = 0;
			defaultConfigurationName = Release;
		};
		EB4786A921B8766D0071500F /* Build configuration list for PBXNativeTarget "AOC" */ = {
			isa = XCConfigurationList;
			buildConfigurations = (
				EB4786AA21B8766D0071500F /* Debug */,
				EB4786AB21B8766D0071500F /* Release */,
			);
			defaultConfigurationIsVisible = 0;
			defaultConfigurationName = Release;
		};
		EB867F4121CD400F008247F6 /* Build configuration list for PBXNativeTarget "AOCTests" */ = {
			isa = XCConfigurationList;
			buildConfigurations = (
				EB867F4221CD400F008247F6 /* Debug */,
				EB867F4321CD400F008247F6 /* Release */,
			);
			defaultConfigurationIsVisible = 0;
			defaultConfigurationName = Release;
		};
/* End XCConfigurationList section */
	};
	rootObject = EB47869A21B8766D0071500F /* Project object */;
}
