// !$*UTF8*$!
{
	archiveVersion = 1;
	classes = {
	};
	objectVersion = 50;
	objects = {

/* Begin PBXBuildFile section */
		EB036CF6257CDB5800D23CCE /* main.swift in Sources */ = {isa = PBXBuildFile; fileRef = EB036CF5257CDB5800D23CCE /* main.swift */; };
		EB036D05257CDC2C00D23CCE /* Input.swift in Sources */ = {isa = PBXBuildFile; fileRef = EB036D04257CDC2C00D23CCE /* Input.swift */; };
		EB036D08257CDD2D00D23CCE /* Day.swift in Sources */ = {isa = PBXBuildFile; fileRef = EB036D07257CDD2D00D23CCE /* Day.swift */; };
		EB036D0B257CDDA700D23CCE /* Utils.swift in Sources */ = {isa = PBXBuildFile; fileRef = EB036D0A257CDDA700D23CCE /* Utils.swift */; };
		EB036D21257CE25D00D23CCE /* Day1.swift in Sources */ = {isa = PBXBuildFile; fileRef = EB036D20257CE25D00D23CCE /* Day1.swift */; };
		EB036D25257CE26900D23CCE /* Day1_input.swift in Sources */ = {isa = PBXBuildFile; fileRef = EB036D24257CE26900D23CCE /* Day1_input.swift */; };
		EB0E502D257D526600FDC69A /* Day2_input.swift in Sources */ = {isa = PBXBuildFile; fileRef = EB0E502C257D526600FDC69A /* Day2_input.swift */; };
		EB0E5030257D527C00FDC69A /* Day2.swift in Sources */ = {isa = PBXBuildFile; fileRef = EB0E502F257D527C00FDC69A /* Day2.swift */; };
		EB0E5035257E1E6300FDC69A /* Day3.swift in Sources */ = {isa = PBXBuildFile; fileRef = EB0E5034257E1E6300FDC69A /* Day3.swift */; };
		EB0E5038257E1E6C00FDC69A /* Day3_input.swift in Sources */ = {isa = PBXBuildFile; fileRef = EB0E5037257E1E6C00FDC69A /* Day3_input.swift */; };
		EB0E5041257E87D900FDC69A /* Day4.swift in Sources */ = {isa = PBXBuildFile; fileRef = EB0E5040257E87D900FDC69A /* Day4.swift */; };
		EB0E5045257E87E300FDC69A /* Day4_input.swift in Sources */ = {isa = PBXBuildFile; fileRef = EB0E5044257E87E300FDC69A /* Day4_input.swift */; };
		EB0E504A257EA76800FDC69A /* Day5.swift in Sources */ = {isa = PBXBuildFile; fileRef = EB0E5049257EA76800FDC69A /* Day5.swift */; };
		EB0E504E257EA77000FDC69A /* Day5_input.swift in Sources */ = {isa = PBXBuildFile; fileRef = EB0E504D257EA77000FDC69A /* Day5_input.swift */; };
		EB0E5051257EB1BC00FDC69A /* LinearAlgebra.swift in Sources */ = {isa = PBXBuildFile; fileRef = EB0E5050257EB1BC00FDC69A /* LinearAlgebra.swift */; };
		EB193CFA257F8FDF006850AE /* Day6.swift in Sources */ = {isa = PBXBuildFile; fileRef = EB193CF9257F8FDF006850AE /* Day6.swift */; };
		EB193CFD257F8FE6006850AE /* Day6_input.swift in Sources */ = {isa = PBXBuildFile; fileRef = EB193CFC257F8FE6006850AE /* Day6_input.swift */; };
		EB193D02257F94D3006850AE /* Day7.swift in Sources */ = {isa = PBXBuildFile; fileRef = EB193D01257F94D3006850AE /* Day7.swift */; };
		EB193D06257F94DA006850AE /* Day7_input.swift in Sources */ = {isa = PBXBuildFile; fileRef = EB193D05257F94DA006850AE /* Day7_input.swift */; };
		EB193D09257F9708006850AE /* StringType.swift in Sources */ = {isa = PBXBuildFile; fileRef = EB193D08257F9708006850AE /* StringType.swift */; };
		EB193D19257FBC78006850AE /* Day8.swift in Sources */ = {isa = PBXBuildFile; fileRef = EB193D18257FBC78006850AE /* Day8.swift */; };
		EB193D1C257FBC80006850AE /* Day8_input.swift in Sources */ = {isa = PBXBuildFile; fileRef = EB193D1B257FBC80006850AE /* Day8_input.swift */; };
		EB43E13F2583658900BFE075 /* Day11.swift in Sources */ = {isa = PBXBuildFile; fileRef = EB43E13E2583658900BFE075 /* Day11.swift */; };
		EB43E1422583658F00BFE075 /* Day11_input.swift in Sources */ = {isa = PBXBuildFile; fileRef = EB43E1412583658F00BFE075 /* Day11_input.swift */; };
		EB6BDC26258208EE00F3D9BB /* Day10.swift in Sources */ = {isa = PBXBuildFile; fileRef = EB6BDC25258208EE00F3D9BB /* Day10.swift */; };
		EB6BDC29258208F600F3D9BB /* Day10_input.swift in Sources */ = {isa = PBXBuildFile; fileRef = EB6BDC28258208F600F3D9BB /* Day10_input.swift */; };
		EB70942A2586216100DE54AD /* Day13.swift in Sources */ = {isa = PBXBuildFile; fileRef = EB7094292586216100DE54AD /* Day13.swift */; };
		EB70942D2586216900DE54AD /* Day13_input.swift in Sources */ = {isa = PBXBuildFile; fileRef = EB70942C2586216900DE54AD /* Day13_input.swift */; };
		EB70943325875A1200DE54AD /* Day14.swift in Sources */ = {isa = PBXBuildFile; fileRef = EB70943225875A1200DE54AD /* Day14.swift */; };
		EB709436258761D300DE54AD /* Day14_input.swift in Sources */ = {isa = PBXBuildFile; fileRef = EB709435258761D300DE54AD /* Day14_input.swift */; };
		EB8FB2B22584EA65002E4322 /* Day12.swift in Sources */ = {isa = PBXBuildFile; fileRef = EB8FB2B12584EA65002E4322 /* Day12.swift */; };
		EB8FB2B52584EA77002E4322 /* Day12_input.swift in Sources */ = {isa = PBXBuildFile; fileRef = EB8FB2B42584EA77002E4322 /* Day12_input.swift */; };
		EBC2F5C12580C35C00945B69 /* Algorithm.swift in Sources */ = {isa = PBXBuildFile; fileRef = EBC2F5C02580C35C00945B69 /* Algorithm.swift */; };
		EBC2F5C42580C70200945B69 /* Day9.swift in Sources */ = {isa = PBXBuildFile; fileRef = EBC2F5C32580C70200945B69 /* Day9.swift */; };
		EBC2F5C72580C70900945B69 /* Day9_input.swift in Sources */ = {isa = PBXBuildFile; fileRef = EBC2F5C62580C70900945B69 /* Day9_input.swift */; };
/* End PBXBuildFile section */

/* Begin PBXCopyFilesBuildPhase section */
		EB036CF0257CDB5800D23CCE /* CopyFiles */ = {
			isa = PBXCopyFilesBuildPhase;
			buildActionMask = 2147483647;
			dstPath = /usr/share/man/man1/;
			dstSubfolderSpec = 0;
			files = (
			);
			runOnlyForDeploymentPostprocessing = 1;
		};
/* End PBXCopyFilesBuildPhase section */

/* Begin PBXFileReference section */
		EB036CF2257CDB5800D23CCE /* aoc20 */ = {isa = PBXFileReference; explicitFileType = "compiled.mach-o.executable"; includeInIndex = 0; path = aoc20; sourceTree = BUILT_PRODUCTS_DIR; };
		EB036CF5257CDB5800D23CCE /* main.swift */ = {isa = PBXFileReference; lastKnownFileType = sourcecode.swift; path = main.swift; sourceTree = "<group>"; };
		EB036D04257CDC2C00D23CCE /* Input.swift */ = {isa = PBXFileReference; lastKnownFileType = sourcecode.swift; path = Input.swift; sourceTree = "<group>"; };
		EB036D07257CDD2D00D23CCE /* Day.swift */ = {isa = PBXFileReference; lastKnownFileType = sourcecode.swift; path = Day.swift; sourceTree = "<group>"; };
		EB036D0A257CDDA700D23CCE /* Utils.swift */ = {isa = PBXFileReference; lastKnownFileType = sourcecode.swift; path = Utils.swift; sourceTree = "<group>"; };
		EB036D20257CE25D00D23CCE /* Day1.swift */ = {isa = PBXFileReference; lastKnownFileType = sourcecode.swift; path = Day1.swift; sourceTree = "<group>"; };
		EB036D24257CE26900D23CCE /* Day1_input.swift */ = {isa = PBXFileReference; lastKnownFileType = sourcecode.swift; path = Day1_input.swift; sourceTree = "<group>"; };
		EB0E502C257D526600FDC69A /* Day2_input.swift */ = {isa = PBXFileReference; lastKnownFileType = sourcecode.swift; path = Day2_input.swift; sourceTree = "<group>"; };
		EB0E502F257D527C00FDC69A /* Day2.swift */ = {isa = PBXFileReference; lastKnownFileType = sourcecode.swift; path = Day2.swift; sourceTree = "<group>"; };
		EB0E5034257E1E6300FDC69A /* Day3.swift */ = {isa = PBXFileReference; lastKnownFileType = sourcecode.swift; path = Day3.swift; sourceTree = "<group>"; };
		EB0E5037257E1E6C00FDC69A /* Day3_input.swift */ = {isa = PBXFileReference; lastKnownFileType = sourcecode.swift; path = Day3_input.swift; sourceTree = "<group>"; };
		EB0E5040257E87D900FDC69A /* Day4.swift */ = {isa = PBXFileReference; lastKnownFileType = sourcecode.swift; path = Day4.swift; sourceTree = "<group>"; };
		EB0E5044257E87E300FDC69A /* Day4_input.swift */ = {isa = PBXFileReference; lastKnownFileType = sourcecode.swift; path = Day4_input.swift; sourceTree = "<group>"; };
		EB0E5049257EA76800FDC69A /* Day5.swift */ = {isa = PBXFileReference; lastKnownFileType = sourcecode.swift; path = Day5.swift; sourceTree = "<group>"; };
		EB0E504D257EA77000FDC69A /* Day5_input.swift */ = {isa = PBXFileReference; lastKnownFileType = sourcecode.swift; path = Day5_input.swift; sourceTree = "<group>"; };
		EB0E5050257EB1BC00FDC69A /* LinearAlgebra.swift */ = {isa = PBXFileReference; lastKnownFileType = sourcecode.swift; path = LinearAlgebra.swift; sourceTree = "<group>"; };
		EB193CF9257F8FDF006850AE /* Day6.swift */ = {isa = PBXFileReference; lastKnownFileType = sourcecode.swift; path = Day6.swift; sourceTree = "<group>"; };
		EB193CFC257F8FE6006850AE /* Day6_input.swift */ = {isa = PBXFileReference; lastKnownFileType = sourcecode.swift; path = Day6_input.swift; sourceTree = "<group>"; };
		EB193D01257F94D3006850AE /* Day7.swift */ = {isa = PBXFileReference; lastKnownFileType = sourcecode.swift; path = Day7.swift; sourceTree = "<group>"; };
		EB193D05257F94DA006850AE /* Day7_input.swift */ = {isa = PBXFileReference; lastKnownFileType = sourcecode.swift; path = Day7_input.swift; sourceTree = "<group>"; };
		EB193D08257F9708006850AE /* StringType.swift */ = {isa = PBXFileReference; fileEncoding = 4; lastKnownFileType = sourcecode.swift; path = StringType.swift; sourceTree = "<group>"; };
		EB193D18257FBC78006850AE /* Day8.swift */ = {isa = PBXFileReference; lastKnownFileType = sourcecode.swift; path = Day8.swift; sourceTree = "<group>"; };
		EB193D1B257FBC80006850AE /* Day8_input.swift */ = {isa = PBXFileReference; lastKnownFileType = sourcecode.swift; path = Day8_input.swift; sourceTree = "<group>"; };
		EB43E13E2583658900BFE075 /* Day11.swift */ = {isa = PBXFileReference; lastKnownFileType = sourcecode.swift; path = Day11.swift; sourceTree = "<group>"; };
		EB43E1412583658F00BFE075 /* Day11_input.swift */ = {isa = PBXFileReference; lastKnownFileType = sourcecode.swift; path = Day11_input.swift; sourceTree = "<group>"; };
		EB6BDC25258208EE00F3D9BB /* Day10.swift */ = {isa = PBXFileReference; lastKnownFileType = sourcecode.swift; path = Day10.swift; sourceTree = "<group>"; };
		EB6BDC28258208F600F3D9BB /* Day10_input.swift */ = {isa = PBXFileReference; lastKnownFileType = sourcecode.swift; path = Day10_input.swift; sourceTree = "<group>"; };
		EB7094292586216100DE54AD /* Day13.swift */ = {isa = PBXFileReference; lastKnownFileType = sourcecode.swift; path = Day13.swift; sourceTree = "<group>"; };
		EB70942C2586216900DE54AD /* Day13_input.swift */ = {isa = PBXFileReference; lastKnownFileType = sourcecode.swift; path = Day13_input.swift; sourceTree = "<group>"; };
		EB70943225875A1200DE54AD /* Day14.swift */ = {isa = PBXFileReference; lastKnownFileType = sourcecode.swift; path = Day14.swift; sourceTree = "<group>"; };
		EB709435258761D300DE54AD /* Day14_input.swift */ = {isa = PBXFileReference; lastKnownFileType = sourcecode.swift; path = Day14_input.swift; sourceTree = "<group>"; };
		EB8FB2B12584EA65002E4322 /* Day12.swift */ = {isa = PBXFileReference; lastKnownFileType = sourcecode.swift; path = Day12.swift; sourceTree = "<group>"; };
		EB8FB2B42584EA77002E4322 /* Day12_input.swift */ = {isa = PBXFileReference; lastKnownFileType = sourcecode.swift; path = Day12_input.swift; sourceTree = "<group>"; };
		EBC2F5C02580C35C00945B69 /* Algorithm.swift */ = {isa = PBXFileReference; lastKnownFileType = sourcecode.swift; path = Algorithm.swift; sourceTree = "<group>"; };
		EBC2F5C32580C70200945B69 /* Day9.swift */ = {isa = PBXFileReference; lastKnownFileType = sourcecode.swift; path = Day9.swift; sourceTree = "<group>"; };
		EBC2F5C62580C70900945B69 /* Day9_input.swift */ = {isa = PBXFileReference; lastKnownFileType = sourcecode.swift; path = Day9_input.swift; sourceTree = "<group>"; };
/* End PBXFileReference section */

/* Begin PBXFrameworksBuildPhase section */
		EB036CEF257CDB5800D23CCE /* Frameworks */ = {
			isa = PBXFrameworksBuildPhase;
			buildActionMask = 2147483647;
			files = (
			);
			runOnlyForDeploymentPostprocessing = 0;
		};
/* End PBXFrameworksBuildPhase section */

/* Begin PBXGroup section */
		EB036CE9257CDB5800D23CCE = {
			isa = PBXGroup;
			children = (
				EB036CF4257CDB5800D23CCE /* aoc20 */,
				EB036CF3257CDB5800D23CCE /* Products */,
			);
			sourceTree = "<group>";
		};
		EB036CF3257CDB5800D23CCE /* Products */ = {
			isa = PBXGroup;
			children = (
				EB036CF2257CDB5800D23CCE /* aoc20 */,
			);
			name = Products;
			sourceTree = "<group>";
		};
		EB036CF4257CDB5800D23CCE /* aoc20 */ = {
			isa = PBXGroup;
			children = (
				EB036CF5257CDB5800D23CCE /* main.swift */,
				EB036D07257CDD2D00D23CCE /* Day.swift */,
				EB036D04257CDC2C00D23CCE /* Input.swift */,
				EB70943225875A1200DE54AD /* Day14.swift */,
				EB709435258761D300DE54AD /* Day14_input.swift */,
				EB193D0C257FB0B7006850AE /* Stuff */,
				EB036D1F257CE24F00D23CCE /* day1 */,
				EB0E502B257D525700FDC69A /* day2 */,
				EB0E5033257E1E5B00FDC69A /* day3 */,
				EB0E503F257E87D000FDC69A /* day4 */,
				EB0E5048257EA75600FDC69A /* day5 */,
				EB193CFF257F91AD006850AE /* day6 */,
				EB193D15257FBB99006850AE /* day7 */,
				EB193D1E257FCABB006850AE /* day8 */,
				EBC2F5C92580C70C00945B69 /* day9 */,
				EB6BDC2B2582639800F3D9BB /* day10 */,
				EB43E1442583746E00BFE075 /* day11 */,
				EB8FB2B72584F24B002E4322 /* day12 */,
				EB70942F258629EF00DE54AD /* day13 */,
			);
			path = aoc20;
			sourceTree = "<group>";
		};
		EB036D1F257CE24F00D23CCE /* day1 */ = {
			isa = PBXGroup;
			children = (
				EB036D20257CE25D00D23CCE /* Day1.swift */,
				EB036D24257CE26900D23CCE /* Day1_input.swift */,
			);
			path = day1;
			sourceTree = "<group>";
		};
		EB0E502B257D525700FDC69A /* day2 */ = {
			isa = PBXGroup;
			children = (
				EB0E502F257D527C00FDC69A /* Day2.swift */,
				EB0E502C257D526600FDC69A /* Day2_input.swift */,
			);
			path = day2;
			sourceTree = "<group>";
		};
		EB0E5033257E1E5B00FDC69A /* day3 */ = {
			isa = PBXGroup;
			children = (
				EB0E5034257E1E6300FDC69A /* Day3.swift */,
				EB0E5037257E1E6C00FDC69A /* Day3_input.swift */,
			);
			path = day3;
			sourceTree = "<group>";
		};
		EB0E503F257E87D000FDC69A /* day4 */ = {
			isa = PBXGroup;
			children = (
				EB0E5040257E87D900FDC69A /* Day4.swift */,
				EB0E5044257E87E300FDC69A /* Day4_input.swift */,
			);
			path = day4;
			sourceTree = "<group>";
		};
		EB0E5048257EA75600FDC69A /* day5 */ = {
			isa = PBXGroup;
			children = (
				EB0E5049257EA76800FDC69A /* Day5.swift */,
				EB0E504D257EA77000FDC69A /* Day5_input.swift */,
			);
			path = day5;
			sourceTree = "<group>";
		};
		EB193CFF257F91AD006850AE /* day6 */ = {
			isa = PBXGroup;
			children = (
				EB193CF9257F8FDF006850AE /* Day6.swift */,
				EB193CFC257F8FE6006850AE /* Day6_input.swift */,
			);
			path = day6;
			sourceTree = "<group>";
		};
		EB193D0C257FB0B7006850AE /* Stuff */ = {
			isa = PBXGroup;
			children = (
				EB036D0A257CDDA700D23CCE /* Utils.swift */,
				EB193D08257F9708006850AE /* StringType.swift */,
				EB0E5050257EB1BC00FDC69A /* LinearAlgebra.swift */,
				EBC2F5C02580C35C00945B69 /* Algorithm.swift */,
			);
			path = Stuff;
			sourceTree = "<group>";
		};
		EB193D15257FBB99006850AE /* day7 */ = {
			isa = PBXGroup;
			children = (
				EB193D01257F94D3006850AE /* Day7.swift */,
				EB193D05257F94DA006850AE /* Day7_input.swift */,
			);
			path = day7;
			sourceTree = "<group>";
		};
		EB193D1E257FCABB006850AE /* day8 */ = {
			isa = PBXGroup;
			children = (
				EB193D18257FBC78006850AE /* Day8.swift */,
				EB193D1B257FBC80006850AE /* Day8_input.swift */,
			);
			path = day8;
			sourceTree = "<group>";
		};
		EB43E1442583746E00BFE075 /* day11 */ = {
			isa = PBXGroup;
			children = (
				EB43E13E2583658900BFE075 /* Day11.swift */,
				EB43E1412583658F00BFE075 /* Day11_input.swift */,
			);
			path = day11;
			sourceTree = "<group>";
		};
		EB6BDC2B2582639800F3D9BB /* day10 */ = {
			isa = PBXGroup;
			children = (
				EB6BDC25258208EE00F3D9BB /* Day10.swift */,
				EB6BDC28258208F600F3D9BB /* Day10_input.swift */,
			);
			path = day10;
			sourceTree = "<group>";
		};
		EB70942F258629EF00DE54AD /* day13 */ = {
			isa = PBXGroup;
			children = (
				EB7094292586216100DE54AD /* Day13.swift */,
				EB70942C2586216900DE54AD /* Day13_input.swift */,
			);
			path = day13;
			sourceTree = "<group>";
		};
		EB8FB2B72584F24B002E4322 /* day12 */ = {
			isa = PBXGroup;
			children = (
				EB8FB2B12584EA65002E4322 /* Day12.swift */,
				EB8FB2B42584EA77002E4322 /* Day12_input.swift */,
			);
			path = day12;
			sourceTree = "<group>";
		};
		EBC2F5C92580C70C00945B69 /* day9 */ = {
			isa = PBXGroup;
			children = (
				EBC2F5C32580C70200945B69 /* Day9.swift */,
				EBC2F5C62580C70900945B69 /* Day9_input.swift */,
			);
			path = day9;
			sourceTree = "<group>";
		};
/* End PBXGroup section */

/* Begin PBXNativeTarget section */
		EB036CF1257CDB5800D23CCE /* aoc20 */ = {
			isa = PBXNativeTarget;
			buildConfigurationList = EB036CF9257CDB5800D23CCE /* Build configuration list for PBXNativeTarget "aoc20" */;
			buildPhases = (
				EB036CEE257CDB5800D23CCE /* Sources */,
				EB036CEF257CDB5800D23CCE /* Frameworks */,
				EB036CF0257CDB5800D23CCE /* CopyFiles */,
			);
			buildRules = (
			);
			dependencies = (
			);
			name = aoc20;
			productName = aoc20;
			productReference = EB036CF2257CDB5800D23CCE /* aoc20 */;
			productType = "com.apple.product-type.tool";
		};
/* End PBXNativeTarget section */

/* Begin PBXProject section */
		EB036CEA257CDB5800D23CCE /* Project object */ = {
			isa = PBXProject;
			attributes = {
				LastSwiftUpdateCheck = 1210;
				LastUpgradeCheck = 1210;
				TargetAttributes = {
					EB036CF1257CDB5800D23CCE = {
						CreatedOnToolsVersion = 12.1;
					};
				};
			};
			buildConfigurationList = EB036CED257CDB5800D23CCE /* Build configuration list for PBXProject "aoc20" */;
			compatibilityVersion = "Xcode 9.3";
			developmentRegion = en;
			hasScannedForEncodings = 0;
			knownRegions = (
				en,
				Base,
			);
			mainGroup = EB036CE9257CDB5800D23CCE;
			productRefGroup = EB036CF3257CDB5800D23CCE /* Products */;
			projectDirPath = "";
			projectRoot = "";
			targets = (
				EB036CF1257CDB5800D23CCE /* aoc20 */,
			);
		};
/* End PBXProject section */

/* Begin PBXSourcesBuildPhase section */
		EB036CEE257CDB5800D23CCE /* Sources */ = {
			isa = PBXSourcesBuildPhase;
			buildActionMask = 2147483647;
			files = (
				EB0E5045257E87E300FDC69A /* Day4_input.swift in Sources */,
				EB036CF6257CDB5800D23CCE /* main.swift in Sources */,
				EB709436258761D300DE54AD /* Day14_input.swift in Sources */,
				EB193D1C257FBC80006850AE /* Day8_input.swift in Sources */,
				EB70943325875A1200DE54AD /* Day14.swift in Sources */,
				EB193D06257F94DA006850AE /* Day7_input.swift in Sources */,
				EBC2F5C42580C70200945B69 /* Day9.swift in Sources */,
				EB0E5041257E87D900FDC69A /* Day4.swift in Sources */,
				EB43E13F2583658900BFE075 /* Day11.swift in Sources */,
				EB0E502D257D526600FDC69A /* Day2_input.swift in Sources */,
				EB70942A2586216100DE54AD /* Day13.swift in Sources */,
				EB8FB2B52584EA77002E4322 /* Day12_input.swift in Sources */,
				EB0E5051257EB1BC00FDC69A /* LinearAlgebra.swift in Sources */,
				EB70942D2586216900DE54AD /* Day13_input.swift in Sources */,
				EB43E1422583658F00BFE075 /* Day11_input.swift in Sources */,
				EB036D21257CE25D00D23CCE /* Day1.swift in Sources */,
				EBC2F5C72580C70900945B69 /* Day9_input.swift in Sources */,
				EB036D25257CE26900D23CCE /* Day1_input.swift in Sources */,
				EB193D09257F9708006850AE /* StringType.swift in Sources */,
				EB193CFD257F8FE6006850AE /* Day6_input.swift in Sources */,
				EB0E504A257EA76800FDC69A /* Day5.swift in Sources */,
				EB0E504E257EA77000FDC69A /* Day5_input.swift in Sources */,
				EB8FB2B22584EA65002E4322 /* Day12.swift in Sources */,
				EB193CFA257F8FDF006850AE /* Day6.swift in Sources */,
				EB6BDC29258208F600F3D9BB /* Day10_input.swift in Sources */,
				EB193D19257FBC78006850AE /* Day8.swift in Sources */,
				EB036D05257CDC2C00D23CCE /* Input.swift in Sources */,
				EB0E5038257E1E6C00FDC69A /* Day3_input.swift in Sources */,
				EB6BDC26258208EE00F3D9BB /* Day10.swift in Sources */,
				EB0E5030257D527C00FDC69A /* Day2.swift in Sources */,
				EBC2F5C12580C35C00945B69 /* Algorithm.swift in Sources */,
				EB036D08257CDD2D00D23CCE /* Day.swift in Sources */,
				EB0E5035257E1E6300FDC69A /* Day3.swift in Sources */,
				EB193D02257F94D3006850AE /* Day7.swift in Sources */,
				EB036D0B257CDDA700D23CCE /* Utils.swift in Sources */,
			);
			runOnlyForDeploymentPostprocessing = 0;
		};
/* End PBXSourcesBuildPhase section */

/* Begin XCBuildConfiguration section */
		EB036CF7257CDB5800D23CCE /* Debug */ = {
			isa = XCBuildConfiguration;
			buildSettings = {
				ALWAYS_SEARCH_USER_PATHS = NO;
				CLANG_ANALYZER_NONNULL = YES;
				CLANG_ANALYZER_NUMBER_OBJECT_CONVERSION = YES_AGGRESSIVE;
				CLANG_CXX_LANGUAGE_STANDARD = "gnu++14";
				CLANG_CXX_LIBRARY = "libc++";
				CLANG_ENABLE_MODULES = YES;
				CLANG_ENABLE_OBJC_ARC = YES;
				CLANG_ENABLE_OBJC_WEAK = YES;
				CLANG_WARN_BLOCK_CAPTURE_AUTORELEASING = YES;
				CLANG_WARN_BOOL_CONVERSION = YES;
				CLANG_WARN_COMMA = YES;
				CLANG_WARN_CONSTANT_CONVERSION = YES;
				CLANG_WARN_DEPRECATED_OBJC_IMPLEMENTATIONS = YES;
				CLANG_WARN_DIRECT_OBJC_ISA_USAGE = YES_ERROR;
				CLANG_WARN_DOCUMENTATION_COMMENTS = YES;
				CLANG_WARN_EMPTY_BODY = YES;
				CLANG_WARN_ENUM_CONVERSION = YES;
				CLANG_WARN_INFINITE_RECURSION = YES;
				CLANG_WARN_INT_CONVERSION = YES;
				CLANG_WARN_NON_LITERAL_NULL_CONVERSION = YES;
				CLANG_WARN_OBJC_IMPLICIT_RETAIN_SELF = YES;
				CLANG_WARN_OBJC_LITERAL_CONVERSION = YES;
				CLANG_WARN_OBJC_ROOT_CLASS = YES_ERROR;
				CLANG_WARN_QUOTED_INCLUDE_IN_FRAMEWORK_HEADER = YES;
				CLANG_WARN_RANGE_LOOP_ANALYSIS = YES;
				CLANG_WARN_STRICT_PROTOTYPES = YES;
				CLANG_WARN_SUSPICIOUS_MOVE = YES;
				CLANG_WARN_UNGUARDED_AVAILABILITY = YES_AGGRESSIVE;
				CLANG_WARN_UNREACHABLE_CODE = YES;
				CLANG_WARN__DUPLICATE_METHOD_MATCH = YES;
				COPY_PHASE_STRIP = NO;
				DEBUG_INFORMATION_FORMAT = dwarf;
				ENABLE_STRICT_OBJC_MSGSEND = YES;
				ENABLE_TESTABILITY = YES;
				GCC_C_LANGUAGE_STANDARD = gnu11;
				GCC_DYNAMIC_NO_PIC = NO;
				GCC_NO_COMMON_BLOCKS = YES;
				GCC_OPTIMIZATION_LEVEL = 0;
				GCC_PREPROCESSOR_DEFINITIONS = (
					"DEBUG=1",
					"$(inherited)",
				);
				GCC_WARN_64_TO_32_BIT_CONVERSION = YES;
				GCC_WARN_ABOUT_RETURN_TYPE = YES_ERROR;
				GCC_WARN_UNDECLARED_SELECTOR = YES;
				GCC_WARN_UNINITIALIZED_AUTOS = YES_AGGRESSIVE;
				GCC_WARN_UNUSED_FUNCTION = YES;
				GCC_WARN_UNUSED_VARIABLE = YES;
				MACOSX_DEPLOYMENT_TARGET = 10.15;
				MTL_ENABLE_DEBUG_INFO = INCLUDE_SOURCE;
				MTL_FAST_MATH = YES;
				ONLY_ACTIVE_ARCH = YES;
				SDKROOT = macosx;
				SWIFT_ACTIVE_COMPILATION_CONDITIONS = DEBUG;
				SWIFT_OPTIMIZATION_LEVEL = "-Onone";
			};
			name = Debug;
		};
		EB036CF8257CDB5800D23CCE /* Release */ = {
			isa = XCBuildConfiguration;
			buildSettings = {
				ALWAYS_SEARCH_USER_PATHS = NO;
				CLANG_ANALYZER_NONNULL = YES;
				CLANG_ANALYZER_NUMBER_OBJECT_CONVERSION = YES_AGGRESSIVE;
				CLANG_CXX_LANGUAGE_STANDARD = "gnu++14";
				CLANG_CXX_LIBRARY = "libc++";
				CLANG_ENABLE_MODULES = YES;
				CLANG_ENABLE_OBJC_ARC = YES;
				CLANG_ENABLE_OBJC_WEAK = YES;
				CLANG_WARN_BLOCK_CAPTURE_AUTORELEASING = YES;
				CLANG_WARN_BOOL_CONVERSION = YES;
				CLANG_WARN_COMMA = YES;
				CLANG_WARN_CONSTANT_CONVERSION = YES;
				CLANG_WARN_DEPRECATED_OBJC_IMPLEMENTATIONS = YES;
				CLANG_WARN_DIRECT_OBJC_ISA_USAGE = YES_ERROR;
				CLANG_WARN_DOCUMENTATION_COMMENTS = YES;
				CLANG_WARN_EMPTY_BODY = YES;
				CLANG_WARN_ENUM_CONVERSION = YES;
				CLANG_WARN_INFINITE_RECURSION = YES;
				CLANG_WARN_INT_CONVERSION = YES;
				CLANG_WARN_NON_LITERAL_NULL_CONVERSION = YES;
				CLANG_WARN_OBJC_IMPLICIT_RETAIN_SELF = YES;
				CLANG_WARN_OBJC_LITERAL_CONVERSION = YES;
				CLANG_WARN_OBJC_ROOT_CLASS = YES_ERROR;
				CLANG_WARN_QUOTED_INCLUDE_IN_FRAMEWORK_HEADER = YES;
				CLANG_WARN_RANGE_LOOP_ANALYSIS = YES;
				CLANG_WARN_STRICT_PROTOTYPES = YES;
				CLANG_WARN_SUSPICIOUS_MOVE = YES;
				CLANG_WARN_UNGUARDED_AVAILABILITY = YES_AGGRESSIVE;
				CLANG_WARN_UNREACHABLE_CODE = YES;
				CLANG_WARN__DUPLICATE_METHOD_MATCH = YES;
				COPY_PHASE_STRIP = NO;
				DEBUG_INFORMATION_FORMAT = "dwarf-with-dsym";
				ENABLE_NS_ASSERTIONS = NO;
				ENABLE_STRICT_OBJC_MSGSEND = YES;
				GCC_C_LANGUAGE_STANDARD = gnu11;
				GCC_NO_COMMON_BLOCKS = YES;
				GCC_WARN_64_TO_32_BIT_CONVERSION = YES;
				GCC_WARN_ABOUT_RETURN_TYPE = YES_ERROR;
				GCC_WARN_UNDECLARED_SELECTOR = YES;
				GCC_WARN_UNINITIALIZED_AUTOS = YES_AGGRESSIVE;
				GCC_WARN_UNUSED_FUNCTION = YES;
				GCC_WARN_UNUSED_VARIABLE = YES;
				MACOSX_DEPLOYMENT_TARGET = 10.15;
				MTL_ENABLE_DEBUG_INFO = NO;
				MTL_FAST_MATH = YES;
				SDKROOT = macosx;
				SWIFT_COMPILATION_MODE = wholemodule;
				SWIFT_OPTIMIZATION_LEVEL = "-O";
			};
			name = Release;
		};
		EB036CFA257CDB5800D23CCE /* Debug */ = {
			isa = XCBuildConfiguration;
			buildSettings = {
				CODE_SIGN_STYLE = Automatic;
				DEVELOPMENT_TEAM = M2GKR5PLY4;
				ENABLE_HARDENED_RUNTIME = YES;
				PRODUCT_NAME = "$(TARGET_NAME)";
				SWIFT_VERSION = 5.0;
			};
			name = Debug;
		};
		EB036CFB257CDB5800D23CCE /* Release */ = {
			isa = XCBuildConfiguration;
			buildSettings = {
				CODE_SIGN_STYLE = Automatic;
				DEVELOPMENT_TEAM = M2GKR5PLY4;
				ENABLE_HARDENED_RUNTIME = YES;
				PRODUCT_NAME = "$(TARGET_NAME)";
				SWIFT_VERSION = 5.0;
			};
			name = Release;
		};
/* End XCBuildConfiguration section */

/* Begin XCConfigurationList section */
		EB036CED257CDB5800D23CCE /* Build configuration list for PBXProject "aoc20" */ = {
			isa = XCConfigurationList;
			buildConfigurations = (
				EB036CF7257CDB5800D23CCE /* Debug */,
				EB036CF8257CDB5800D23CCE /* Release */,
			);
			defaultConfigurationIsVisible = 0;
			defaultConfigurationName = Release;
		};
		EB036CF9257CDB5800D23CCE /* Build configuration list for PBXNativeTarget "aoc20" */ = {
			isa = XCConfigurationList;
			buildConfigurations = (
				EB036CFA257CDB5800D23CCE /* Debug */,
				EB036CFB257CDB5800D23CCE /* Release */,
			);
			defaultConfigurationIsVisible = 0;
			defaultConfigurationName = Release;
		};
/* End XCConfigurationList section */
	};
	rootObject = EB036CEA257CDB5800D23CCE /* Project object */;
}
